
Microsoft Visual Studio Solution File, Format Version 12.00
# Visual Studio 15
Project("{FAE04EC0-301F-11D3-BF4B-00C04F79EFBC}") = "tjgenerators.Editor", "tjgenerators.Editor.csproj", "{7B61804E-8213-BE16-13A6-55E4C53311C5}"
EndProject
Project("{FAE04EC0-301F-11D3-BF4B-00C04F79EFBC}") = "TJGenerators.Runtime", "TJGenerators.Runtime.csproj", "{9155E176-9990-57B3-EEAF-988E9E0C25A0}"
EndProject
Project("{FAE04EC0-301F-11D3-BF4B-00C04F79EFBC}") = "UnityTcp.CustomTool", "UnityTcp.CustomTool.csproj", "{9B939D2E-B9E5-66C6-D781-0148AEBA1BAB}"
EndProject
Global
	GlobalSection(SolutionConfigurationPlatforms) = preSolution
		Debug|Any CPU = Debug|Any CPU
		Release|Any CPU = Release|Any CPU
	EndGlobalSection
	GlobalSection(ProjectConfigurationPlatforms) = postSolution
		{7B61804E-8213-BE16-13A6-55E4C53311C5}.Debug|Any CPU.ActiveCfg = Debug|Any CPU
		{7B61804E-8213-BE16-13A6-55E4C53311C5}.Debug|Any CPU.Build.0 = Debug|Any CPU
		{7B61804E-8213-BE16-13A6-55E4C53311C5}.Release|Any CPU.ActiveCfg = Release|Any CPU
		{7B61804E-8213-BE16-13A6-55E4C53311C5}.Release|Any CPU.Build.0 = Release|Any CPU
		{9155E176-9990-57B3-EEAF-988E9E0C25A0}.Debug|Any CPU.ActiveCfg = Debug|Any CPU
		{9155E176-9990-57B3-EEAF-988E9E0C25A0}.Debug|Any CPU.Build.0 = Debug|Any CPU
		{9155E176-9990-57B3-EEAF-988E9E0C25A0}.Release|Any CPU.ActiveCfg = Release|Any CPU
		{9155E176-9990-57B3-EEAF-988E9E0C25A0}.Release|Any CPU.Build.0 = Release|Any CPU
		{9B939D2E-B9E5-66C6-D781-0148AEBA1BAB}.Debug|Any CPU.ActiveCfg = Debug|Any CPU
		{9B939D2E-B9E5-66C6-D781-0148AEBA1BAB}.Debug|Any CPU.Build.0 = Debug|Any CPU
		{9B939D2E-B9E5-66C6-D781-0148AEBA1BAB}.Release|Any CPU.ActiveCfg = Release|Any CPU
		{9B939D2E-B9E5-66C6-D781-0148AEBA1BAB}.Release|Any CPU.Build.0 = Release|Any CPU
	EndGlobalSection
	GlobalSection(SolutionProperties) = preSolution
		HideSolutionNode = FALSE
	EndGlobalSection
EndGlobal
